
Microsoft Visual Studio Solution File, Format Version 12.00
# Visual Studio 15
VisualStudioVersion = 15.0.27703.2042
MinimumVisualStudioVersion = 10.0.40219.1
Project("{9A19103F-16F7-4668-BE54-9A1E7A4F7556}") = "ZarzadzanieSalamiApi", "ZarzadzanieSalamiApi\ZarzadzanieSalamiApi.csproj", "{C9EA6FFE-5F78-4580-B00E-1804FA0AE8A3}"
EndProject
Project("{FAE04EC0-301F-11D3-BF4B-00C04F79EFBC}") = "ZarzadzanieSalami.Tests", "ZarzadzanieSalami.Tests\ZarzadzanieSalami.Tests.csproj", "{84395121-ED31-4A5B-9B04-EDA4C32FF896}"
EndProject
Global
	GlobalSection(SolutionConfigurationPlatforms) = preSolution
		Debug|Any CPU = Debug|Any CPU
		Release|Any CPU = Release|Any CPU
	EndGlobalSection
	GlobalSection(ProjectConfigurationPlatforms) = postSolution
		{C9EA6FFE-5F78-4580-B00E-1804FA0AE8A3}.Debug|Any CPU.ActiveCfg = Debug|Any CPU
		{C9EA6FFE-5F78-4580-B00E-1804FA0AE8A3}.Debug|Any CPU.Build.0 = Debug|Any CPU
		{C9EA6FFE-5F78-4580-B00E-1804FA0AE8A3}.Release|Any CPU.ActiveCfg = Release|Any CPU
		{C9EA6FFE-5F78-4580-B00E-1804FA0AE8A3}.Release|Any CPU.Build.0 = Release|Any CPU
		{84395121-ED31-4A5B-9B04-EDA4C32FF896}.Debug|Any CPU.ActiveCfg = Debug|Any CPU
		{84395121-ED31-4A5B-9B04-EDA4C32FF896}.Debug|Any CPU.Build.0 = Debug|Any CPU
		{84395121-ED31-4A5B-9B04-EDA4C32FF896}.Release|Any CPU.ActiveCfg = Release|Any CPU
		{84395121-ED31-4A5B-9B04-EDA4C32FF896}.Release|Any CPU.Build.0 = Release|Any CPU
	EndGlobalSection
	GlobalSection(SolutionProperties) = preSolution
		HideSolutionNode = FALSE
	EndGlobalSection
	GlobalSection(ExtensibilityGlobals) = postSolution
		SolutionGuid = {647EF025-21D9-430D-B8F2-0FA34E59139E}
	EndGlobalSection
EndGlobal
